
Microsoft Visual Studio Solution File, Format Version 12.00
# Visual Studio Version 17
VisualStudioVersion = 17.14.36623.8 d17.14
MinimumVisualStudioVersion = 10.0.40219.1
Project("{FAE04EC0-301F-11D3-BF4B-00C04F79EFBC}") = "HotelListing.Api", "HotelListing.Api\HotelListing.Api.csproj", "{33EE5FD5-A567-4074-BE36-77465DB1C67B}"
EndProject
Global
	GlobalSection(SolutionConfigurationPlatforms) = preSolution
		Debug|Any CPU = Debug|Any CPU
		Release|Any CPU = Release|Any CPU
	EndGlobalSection
	GlobalSection(ProjectConfigurationPlatforms) = postSolution
		{33EE5FD5-A567-4074-BE36-77465DB1C67B}.Debug|Any CPU.ActiveCfg = Debug|Any CPU
		{33EE5FD5-A567-4074-BE36-77465DB1C67B}.Debug|Any CPU.Build.0 = Debug|Any CPU
		{33EE5FD5-A567-4074-BE36-77465DB1C67B}.Release|Any CPU.ActiveCfg = Release|Any CPU
		{33EE5FD5-A567-4074-BE36-77465DB1C67B}.Release|Any CPU.Build.0 = Release|Any CPU
	EndGlobalSection
	GlobalSection(SolutionProperties) = preSolution
		HideSolutionNode = FALSE
	EndGlobalSection
	GlobalSection(ExtensibilityGlobals) = postSolution
		SolutionGuid = {68F0AE93-6ED9-4E79-8508-5AF42DB1E0CF}
	EndGlobalSection
EndGlobal
